// !$*UTF8*$!
{
	archiveVersion = 1;
	classes = {
	};
	objectVersion = 46;
	objects = {

/* Begin PBXBuildFile section */
		71E9E45C1E8D635D00717D69 /* AppDelegate.swift in Sources */ = {isa = PBXBuildFile; fileRef = 71E9E45B1E8D635D00717D69 /* AppDelegate.swift */; };
		71E9E45E1E8D635D00717D69 /* ViewController.swift in Sources */ = {isa = PBXBuildFile; fileRef = 71E9E45D1E8D635D00717D69 /* ViewController.swift */; };
		71E9E4611E8D635D00717D69 /* SkillTables.xcdatamodeld in Sources */ = {isa = PBXBuildFile; fileRef = 71E9E45F1E8D635D00717D69 /* SkillTables.xcdatamodeld */; };
		71E9E4631E8D635D00717D69 /* Assets.xcassets in Resources */ = {isa = PBXBuildFile; fileRef = 71E9E4621E8D635D00717D69 /* Assets.xcassets */; };
		71E9E4661E8D635D00717D69 /* Main.storyboard in Resources */ = {isa = PBXBuildFile; fileRef = 71E9E4641E8D635D00717D69 /* Main.storyboard */; };
/* End PBXBuildFile section */

/* Begin PBXFileReference section */
		71E9E4581E8D635D00717D69 /* SkillTables.app */ = {isa = PBXFileReference; explicitFileType = wrapper.application; includeInIndex = 0; path = SkillTables.app; sourceTree = BUILT_PRODUCTS_DIR; };
		71E9E45B1E8D635D00717D69 /* AppDelegate.swift */ = {isa = PBXFileReference; lastKnownFileType = sourcecode.swift; path = AppDelegate.swift; sourceTree = "<group>"; };
		71E9E45D1E8D635D00717D69 /* ViewController.swift */ = {isa = PBXFileReference; lastKnownFileType = sourcecode.swift; path = ViewController.swift; sourceTree = "<group>"; };
		71E9E4601E8D635D00717D69 /* SkillTables.xcdatamodel */ = {isa = PBXFileReference; lastKnownFileType = wrapper.xcdatamodel; path = SkillTables.xcdatamodel; sourceTree = "<group>"; };
		71E9E4621E8D635D00717D69 /* Assets.xcassets */ = {isa = PBXFileReference; lastKnownFileType = folder.assetcatalog; path = Assets.xcassets; sourceTree = "<group>"; };
		71E9E4651E8D635D00717D69 /* Base */ = {isa = PBXFileReference; lastKnownFileType = file.storyboard; name = Base; path = Base.lproj/Main.storyboard; sourceTree = "<group>"; };
		71E9E4671E8D635D00717D69 /* Info.plist */ = {isa = PBXFileReference; lastKnownFileType = text.plist.xml; path = Info.plist; sourceTree = "<group>"; };
/* End PBXFileReference section */

/* Begin PBXFrameworksBuildPhase section */
		71E9E4551E8D635D00717D69 /* Frameworks */ = {
			isa = PBXFrameworksBuildPhase;
			buildActionMask = 2147483647;
			files = (
			);
			runOnlyForDeploymentPostprocessing = 0;
		};
/* End PBXFrameworksBuildPhase section */

/* Begin PBXGroup section */
		71E9E44F1E8D635D00717D69 = {
			isa = PBXGroup;
			children = (
				71E9E45A1E8D635D00717D69 /* SkillTables */,
				71E9E4591E8D635D00717D69 /* Products */,
			);
			sourceTree = "<group>";
		};
		71E9E4591E8D635D00717D69 /* Products */ = {
			isa = PBXGroup;
			children = (
				71E9E4581E8D635D00717D69 /* SkillTables.app */,
			);
			name = Products;
			sourceTree = "<group>";
		};
		71E9E45A1E8D635D00717D69 /* SkillTables */ = {
			isa = PBXGroup;
			children = (
				71E9E46D1E8D66FD00717D69 /* Modules */,
				71E9E45B1E8D635D00717D69 /* AppDelegate.swift */,
				71E9E45D1E8D635D00717D69 /* ViewController.swift */,
				71E9E4621E8D635D00717D69 /* Assets.xcassets */,
				71E9E4641E8D635D00717D69 /* Main.storyboard */,
				71E9E4671E8D635D00717D69 /* Info.plist */,
				71E9E45F1E8D635D00717D69 /* SkillTables.xcdatamodeld */,
			);
			path = SkillTables;
			sourceTree = "<group>";
		};
		71E9E46D1E8D66FD00717D69 /* Modules */ = {
			isa = PBXGroup;
			children = (
			);
			name = Modules;
			sourceTree = "<group>";
		};
/* End PBXGroup section */

/* Begin PBXNativeTarget section */
		71E9E4571E8D635D00717D69 /* SkillTables */ = {
			isa = PBXNativeTarget;
			buildConfigurationList = 71E9E46A1E8D635D00717D69 /* Build configuration list for PBXNativeTarget "SkillTables" */;
			buildPhases = (
				71E9E4541E8D635D00717D69 /* Sources */,
				71E9E4551E8D635D00717D69 /* Frameworks */,
				71E9E4561E8D635D00717D69 /* Resources */,
			);
			buildRules = (
			);
			dependencies = (
			);
			name = SkillTables;
			productName = SkillTables;
			productReference = 71E9E4581E8D635D00717D69 /* SkillTables.app */;
			productType = "com.apple.product-type.application";
		};
/* End PBXNativeTarget section */

/* Begin PBXProject section */
		71E9E4501E8D635D00717D69 /* Project object */ = {
			isa = PBXProject;
			attributes = {
				LastSwiftUpdateCheck = 0820;
				LastUpgradeCheck = 0820;
				ORGANIZATIONNAME = adeveloper;
				TargetAttributes = {
					71E9E4571E8D635D00717D69 = {
						CreatedOnToolsVersion = 8.2.1;
						DevelopmentTeam = RF42FG352F;
						ProvisioningStyle = Automatic;
					};
				};
			};
			buildConfigurationList = 71E9E4531E8D635D00717D69 /* Build configuration list for PBXProject "SkillTables" */;
			compatibilityVersion = "Xcode 3.2";
			developmentRegion = English;
			hasScannedForEncodings = 0;
			knownRegions = (
				en,
				Base,
			);
			mainGroup = 71E9E44F1E8D635D00717D69;
			productRefGroup = 71E9E4591E8D635D00717D69 /* Products */;
			projectDirPath = "";
			projectRoot = "";
			targets = (
				71E9E4571E8D635D00717D69 /* SkillTables */,
			);
		};
/* End PBXProject section */

/* Begin PBXResourcesBuildPhase section */
		71E9E4561E8D635D00717D69 /* Resources */ = {
			isa = PBXResourcesBuildPhase;
			buildActionMask = 2147483647;
			files = (
				71E9E4631E8D635D00717D69 /* Assets.xcassets in Resources */,
				71E9E4661E8D635D00717D69 /* Main.storyboard in Resources */,
			);
			runOnlyForDeploymentPostprocessing = 0;
		};
/* End PBXResourcesBuildPhase section */

/* Begin PBXSourcesBuildPhase section */
		71E9E4541E8D635D00717D69 /* Sources */ = {
			isa = PBXSourcesBuildPhase;
			buildActionMask = 2147483647;
			files = (
				71E9E45E1E8D635D00717D69 /* ViewController.swift in Sources */,
				71E9E45C1E8D635D00717D69 /* AppDelegate.swift in Sources */,
				71E9E4611E8D635D00717D69 /* SkillTables.xcdatamodeld in Sources */,
			);
			runOnlyForDeploymentPostprocessing = 0;
		};
/* End PBXSourcesBuildPhase section */

/* Begin PBXVariantGroup section */
		71E9E4641E8D635D00717D69 /* Main.storyboard */ = {
			isa = PBXVariantGroup;
			children = (
				71E9E4651E8D635D00717D69 /* Base */,
			);
			name = Main.storyboard;
			sourceTree = "<group>";
		};
/* End PBXVariantGroup section */

/* Begin XCBuildConfiguration section */
		71E9E4681E8D635D00717D69 /* Debug */ = {
			isa = XCBuildConfiguration;
			buildSettings = {
				ALWAYS_SEARCH_USER_PATHS = NO;
				CLANG_ANALYZER_NONNULL = YES;
				CLANG_CXX_LANGUAGE_STANDARD = "gnu++0x";
				CLANG_CXX_LIBRARY = "libc++";
				CLANG_ENABLE_MODULES = YES;
				CLANG_ENABLE_OBJC_ARC = YES;
				CLANG_WARN_BOOL_CONVERSION = YES;
				CLANG_WARN_CONSTANT_CONVERSION = YES;
				CLANG_WARN_DIRECT_OBJC_ISA_USAGE = YES_ERROR;
				CLANG_WARN_DOCUMENTATION_COMMENTS = YES;
				CLANG_WARN_EMPTY_BODY = YES;
				CLANG_WARN_ENUM_CONVERSION = YES;
				CLANG_WARN_INFINITE_RECURSION = YES;
				CLANG_WARN_INT_CONVERSION = YES;
				CLANG_WARN_OBJC_ROOT_CLASS = YES_ERROR;
				CLANG_WARN_SUSPICIOUS_MOVE = YES;
				CLANG_WARN_UNREACHABLE_CODE = YES;
				CLANG_WARN__DUPLICATE_METHOD_MATCH = YES;
				CODE_SIGN_IDENTITY = "-";
				COPY_PHASE_STRIP = NO;
				DEBUG_INFORMATION_FORMAT = dwarf;
				ENABLE_STRICT_OBJC_MSGSEND = YES;
				ENABLE_TESTABILITY = YES;
				GCC_C_LANGUAGE_STANDARD = gnu99;
				GCC_DYNAMIC_NO_PIC = NO;
				GCC_NO_COMMON_BLOCKS = YES;
				GCC_OPTIMIZATION_LEVEL = 0;
				GCC_PREPROCESSOR_DEFINITIONS = (
					"DEBUG=1",
					"$(inherited)",
				);
				GCC_WARN_64_TO_32_BIT_CONVERSION = YES;
				GCC_WARN_ABOUT_RETURN_TYPE = YES_ERROR;
				GCC_WARN_UNDECLARED_SELECTOR = YES;
				GCC_WARN_UNINITIALIZED_AUTOS = YES_AGGRESSIVE;
				GCC_WARN_UNUSED_FUNCTION = YES;
				GCC_WARN_UNUSED_VARIABLE = YES;
				MACOSX_DEPLOYMENT_TARGET = 10.11;
				MTL_ENABLE_DEBUG_INFO = YES;
				ONLY_ACTIVE_ARCH = YES;
				SDKROOT = macosx;
				SWIFT_ACTIVE_COMPILATION_CONDITIONS = DEBUG;
				SWIFT_OPTIMIZATION_LEVEL = "-Onone";
			};
			name = Debug;
		};
		71E9E4691E8D635D00717D69 /* Release */ = {
			isa = XCBuildConfiguration;
			buildSettings = {
				ALWAYS_SEARCH_USER_PATHS = NO;
				CLANG_ANALYZER_NONNULL = YES;
				CLANG_CXX_LANGUAGE_STANDARD = "gnu++0x";
				CLANG_CXX_LIBRARY = "libc++";
				CLANG_ENABLE_MODULES = YES;
				CLANG_ENABLE_OBJC_ARC = YES;
				CLANG_WARN_BOOL_CONVERSION = YES;
				CLANG_WARN_CONSTANT_CONVERSION = YES;
				CLANG_WARN_DIRECT_OBJC_ISA_USAGE = YES_ERROR;
				CLANG_WARN_DOCUMENTATION_COMMENTS = YES;
				CLANG_WARN_EMPTY_BODY = YES;
				CLANG_WARN_ENUM_CONVERSION = YES;
				CLANG_WARN_INFINITE_RECURSION = YES;
				CLANG_WARN_INT_CONVERSION = YES;
				CLANG_WARN_OBJC_ROOT_CLASS = YES_ERROR;
				CLANG_WARN_SUSPICIOUS_MOVE = YES;
				CLANG_WARN_UNREACHABLE_CODE = YES;
				CLANG_WARN__DUPLICATE_METHOD_MATCH = YES;
				CODE_SIGN_IDENTITY = "-";
				COPY_PHASE_STRIP = NO;
				DEBUG_INFORMATION_FORMAT = "dwarf-with-dsym";
				ENABLE_NS_ASSERTIONS = NO;
				ENABLE_STRICT_OBJC_MSGSEND = YES;
				GCC_C_LANGUAGE_STANDARD = gnu99;
				GCC_NO_COMMON_BLOCKS = YES;
				GCC_WARN_64_TO_32_BIT_CONVERSION = YES;
				GCC_WARN_ABOUT_RETURN_TYPE = YES_ERROR;
				GCC_WARN_UNDECLARED_SELECTOR = YES;
				GCC_WARN_UNINITIALIZED_AUTOS = YES_AGGRESSIVE;
				GCC_WARN_UNUSED_FUNCTION = YES;
				GCC_WARN_UNUSED_VARIABLE = YES;
				MACOSX_DEPLOYMENT_TARGET = 10.11;
				MTL_ENABLE_DEBUG_INFO = NO;
				SDKROOT = macosx;
				SWIFT_OPTIMIZATION_LEVEL = "-Owholemodule";
			};
			name = Release;
		};
		71E9E46B1E8D635D00717D69 /* Debug */ = {
			isa = XCBuildConfiguration;
			buildSettings = {
				ASSETCATALOG_COMPILER_APPICON_NAME = AppIcon;
				COMBINE_HIDPI_IMAGES = YES;
				DEVELOPMENT_TEAM = RF42FG352F;
				INFOPLIST_FILE = SkillTables/Info.plist;
				LD_RUNPATH_SEARCH_PATHS = "$(inherited) @executable_path/../Frameworks";
				PRODUCT_BUNDLE_IDENTIFIER = adeveloper.SkillTables;
				PRODUCT_NAME = "$(TARGET_NAME)";
				SWIFT_VERSION = 3.0;
			};
			name = Debug;
		};
		71E9E46C1E8D635D00717D69 /* Release */ = {
			isa = XCBuildConfiguration;
			buildSettings = {
				ASSETCATALOG_COMPILER_APPICON_NAME = AppIcon;
				COMBINE_HIDPI_IMAGES = YES;
				DEVELOPMENT_TEAM = RF42FG352F;
				INFOPLIST_FILE = SkillTables/Info.plist;
				LD_RUNPATH_SEARCH_PATHS = "$(inherited) @executable_path/../Frameworks";
				PRODUCT_BUNDLE_IDENTIFIER = adeveloper.SkillTables;
				PRODUCT_NAME = "$(TARGET_NAME)";
				SWIFT_VERSION = 3.0;
			};
			name = Release;
		};
/* End XCBuildConfiguration section */

/* Begin XCConfigurationList section */
		71E9E4531E8D635D00717D69 /* Build configuration list for PBXProject "SkillTables" */ = {
			isa = XCConfigurationList;
			buildConfigurations = (
				71E9E4681E8D635D00717D69 /* Debug */,
				71E9E4691E8D635D00717D69 /* Release */,
			);
			defaultConfigurationIsVisible = 0;
			defaultConfigurationName = Release;
		};
		71E9E46A1E8D635D00717D69 /* Build configuration list for PBXNativeTarget "SkillTables" */ = {
			isa = XCConfigurationList;
			buildConfigurations = (
				71E9E46B1E8D635D00717D69 /* Debug */,
				71E9E46C1E8D635D00717D69 /* Release */,
			);
			defaultConfigurationIsVisible = 0;
		};
/* End XCConfigurationList section */

/* Begin XCVersionGroup section */
		71E9E45F1E8D635D00717D69 /* SkillTables.xcdatamodeld */ = {
			isa = XCVersionGroup;
			children = (
				71E9E4601E8D635D00717D69 /* SkillTables.xcdatamodel */,
			);
			currentVersion = 71E9E4601E8D635D00717D69 /* SkillTables.xcdatamodel */;
			path = SkillTables.xcdatamodeld;
			sourceTree = "<group>";
			versionGroupType = wrapper.xcdatamodel;
		};
/* End XCVersionGroup section */
	};
	rootObject = 71E9E4501E8D635D00717D69 /* Project object */;
}
